{
  "version": 4,
  "terraform_version": "1.0.4",
  "serial": 3,
  "lineage": "79a3a3e8-6c35-76af-268f-c50bb63043af",
  "outputs": {
    "s3_bucket_arn": {
      "value": "arn:aws:s3:::int-amn-demo-dev",
      "type": "string"
    },
    "s3_bucket_domain_name": {
      "value": "int-amn-demo-dev.s3.amazonaws.com",
      "type": "string"
    },
    "s3_bucket_id": {
      "value": "int-amn-demo-dev",
      "type": "string"
    },
    "s3_bucket_region": {
      "value": "us-east-1",
      "type": "string"
    },
    "s3_hosted_zone_id": {
      "value": "Z3AQBSTGFYJSTF",
      "type": "string"
    }
  },
  "resources": [
    {
      "mode": "managed",
      "type": "aws_s3_bucket",
      "name": "bucket",
      "provider": "provider[\"registry.terraform.io/hashicorp/aws\"]",
      "instances": [
        {
          "schema_version": 0,
          "attributes": {
            "acceleration_status": "",
            "acl": "private",
            "arn": "arn:aws:s3:::int-amn-demo-dev",
            "bucket": "int-amn-demo-dev",
            "bucket_domain_name": "int-amn-demo-dev.s3.amazonaws.com",
            "bucket_prefix": null,
            "bucket_regional_domain_name": "int-amn-demo-dev.s3.amazonaws.com",
            "cors_rule": [],
            "force_destroy": false,
            "grant": [],
            "hosted_zone_id": "Z3AQBSTGFYJSTF",
            "id": "int-amn-demo-dev",
            "lifecycle_rule": [],
            "logging": [],
            "object_lock_configuration": [],
            "policy": null,
            "region": "us-east-1",
            "replication_configuration": [],
            "request_payer": "BucketOwner",
            "server_side_encryption_configuration": [],
            "tags": null,
            "tags_all": {},
            "versioning": [
              {
                "enabled": false,
                "mfa_delete": false
              }
            ],
            "website": [],
            "website_domain": null,
            "website_endpoint": null
          },
          "sensitive_attributes": [],
          "private": "bnVsbA=="
        }
      ]
    }
  ]
}
