
Microsoft Visual Studio Solution File, Format Version 12.00
# Visual Studio Version 17
VisualStudioVersion = 17.0.31612.314
MinimumVisualStudioVersion = 10.0.40219.1
Project("{151D2E53-A2C4-4D7D-83FE-D05416EBD58E}") = "AppServiceLinux", "AppServiceLinux\AppServiceLinux.deployproj", "{5CA8CC3C-6456-4122-9CA9-DFED324F772E}"
EndProject
Project("{151D2E53-A2C4-4D7D-83FE-D05416EBD58E}") = "SampleFunction", "SampleFunction\SampleFunction.deployproj", "{DD06BB9E-AD55-40F5-A5F3-A9B80BB29A08}"
EndProject
Global
	GlobalSection(SolutionConfigurationPlatforms) = preSolution
		Debug|Any CPU = Debug|Any CPU
		Release|Any CPU = Release|Any CPU
	EndGlobalSection
	GlobalSection(ProjectConfigurationPlatforms) = postSolution
		{5CA8CC3C-6456-4122-9CA9-DFED324F772E}.Debug|Any CPU.ActiveCfg = Debug|Any CPU
		{5CA8CC3C-6456-4122-9CA9-DFED324F772E}.Debug|Any CPU.Build.0 = Debug|Any CPU
		{5CA8CC3C-6456-4122-9CA9-DFED324F772E}.Release|Any CPU.ActiveCfg = Release|Any CPU
		{5CA8CC3C-6456-4122-9CA9-DFED324F772E}.Release|Any CPU.Build.0 = Release|Any CPU
		{DD06BB9E-AD55-40F5-A5F3-A9B80BB29A08}.Debug|Any CPU.ActiveCfg = Debug|Any CPU
		{DD06BB9E-AD55-40F5-A5F3-A9B80BB29A08}.Debug|Any CPU.Build.0 = Debug|Any CPU
		{DD06BB9E-AD55-40F5-A5F3-A9B80BB29A08}.Release|Any CPU.ActiveCfg = Release|Any CPU
		{DD06BB9E-AD55-40F5-A5F3-A9B80BB29A08}.Release|Any CPU.Build.0 = Release|Any CPU
	EndGlobalSection
	GlobalSection(SolutionProperties) = preSolution
		HideSolutionNode = FALSE
	EndGlobalSection
	GlobalSection(ExtensibilityGlobals) = postSolution
		SolutionGuid = {98F4C799-FD26-4A62-B5EE-E654775E2DB8}
	EndGlobalSection
EndGlobal
